
Microsoft Visual Studio Solution File, Format Version 12.00
# Visual Studio Version 17
VisualStudioVersion = 17.4.33403.182
MinimumVisualStudioVersion = 10.0.40219.1
Project("{9A19103F-16F7-4668-BE54-9A1E7A4F7556}") = "Kilde.WebAPI", "Kilde.WebAPI\Kilde.WebAPI.csproj", "{237D5689-F3D6-4C11-9A4D-2620ED5C67B1}"
EndProject
Project("{9A19103F-16F7-4668-BE54-9A1E7A4F7556}") = "Kilde.Domain", "Kilde.Domain\Kilde.Domain.csproj", "{CA470251-510A-4515-81E8-472A8222457B}"
EndProject
Project("{9A19103F-16F7-4668-BE54-9A1E7A4F7556}") = "Kilde.Application", "Kilde.Application\Kilde.Application.csproj", "{FD5413CD-2550-402A-9BFF-D8854AF6D4AF}"
EndProject
Project("{2150E333-8FDC-42A3-9474-1A3956D46DE8}") = "Solution Items", "Solution Items", "{BB0EBDAF-AE67-4107-B599-6D15B8094D70}"
	ProjectSection(SolutionItems) = preProject
		.editorconfig = .editorconfig
	EndProjectSection
EndProject
Project("{FAE04EC0-301F-11D3-BF4B-00C04F79EFBC}") = "Kilde.DomainTests", "Kilde.DomainTests\Kilde.DomainTests.csproj", "{2AFD1960-4F95-4580-A4B7-DCB3E3A167C2}"
EndProject
Global
	GlobalSection(SolutionConfigurationPlatforms) = preSolution
		Debug|Any CPU = Debug|Any CPU
		Release|Any CPU = Release|Any CPU
	EndGlobalSection
	GlobalSection(ProjectConfigurationPlatforms) = postSolution
		{237D5689-F3D6-4C11-9A4D-2620ED5C67B1}.Debug|Any CPU.ActiveCfg = Debug|Any CPU
		{237D5689-F3D6-4C11-9A4D-2620ED5C67B1}.Debug|Any CPU.Build.0 = Debug|Any CPU
		{237D5689-F3D6-4C11-9A4D-2620ED5C67B1}.Release|Any CPU.ActiveCfg = Release|Any CPU
		{237D5689-F3D6-4C11-9A4D-2620ED5C67B1}.Release|Any CPU.Build.0 = Release|Any CPU
		{CA470251-510A-4515-81E8-472A8222457B}.Debug|Any CPU.ActiveCfg = Debug|Any CPU
		{CA470251-510A-4515-81E8-472A8222457B}.Debug|Any CPU.Build.0 = Debug|Any CPU
		{CA470251-510A-4515-81E8-472A8222457B}.Release|Any CPU.ActiveCfg = Release|Any CPU
		{CA470251-510A-4515-81E8-472A8222457B}.Release|Any CPU.Build.0 = Release|Any CPU
		{FD5413CD-2550-402A-9BFF-D8854AF6D4AF}.Debug|Any CPU.ActiveCfg = Debug|Any CPU
		{FD5413CD-2550-402A-9BFF-D8854AF6D4AF}.Debug|Any CPU.Build.0 = Debug|Any CPU
		{FD5413CD-2550-402A-9BFF-D8854AF6D4AF}.Release|Any CPU.ActiveCfg = Release|Any CPU
		{FD5413CD-2550-402A-9BFF-D8854AF6D4AF}.Release|Any CPU.Build.0 = Release|Any CPU
		{2AFD1960-4F95-4580-A4B7-DCB3E3A167C2}.Debug|Any CPU.ActiveCfg = Debug|Any CPU
		{2AFD1960-4F95-4580-A4B7-DCB3E3A167C2}.Debug|Any CPU.Build.0 = Debug|Any CPU
		{2AFD1960-4F95-4580-A4B7-DCB3E3A167C2}.Release|Any CPU.ActiveCfg = Release|Any CPU
		{2AFD1960-4F95-4580-A4B7-DCB3E3A167C2}.Release|Any CPU.Build.0 = Release|Any CPU
	EndGlobalSection
	GlobalSection(SolutionProperties) = preSolution
		HideSolutionNode = FALSE
	EndGlobalSection
	GlobalSection(ExtensibilityGlobals) = postSolution
		SolutionGuid = {AE833C91-A78A-4A2F-95A9-E8E79222C6FC}
	EndGlobalSection
EndGlobal
